
Microsoft Visual Studio Solution File, Format Version 12.00
Project("{FAE04EC0-301F-11D3-BF4B-00C04F79EFBC}") = "Audion", "Audion\Audion.csproj", "{9FD8D7A8-B98C-400B-89C2-7395A52F36FF}"
EndProject
Project("{FAE04EC0-301F-11D3-BF4B-00C04F79EFBC}") = "Hosts", "Hosts\Hosts.csproj", "{C3864281-D197-4BF0-9094-0260234A9029}"
EndProject
Project("{FAE04EC0-301F-11D3-BF4B-00C04F79EFBC}") = "Common", "Common\Common.csproj", "{5C0034D7-CF1F-4E43-95F8-F21F8DDE6DE3}"
EndProject
Project("{FAE04EC0-301F-11D3-BF4B-00C04F79EFBC}") = "DAW", "DAW\DAW\DAW.csproj", "{968505E7-C1ED-4046-B1A2-4CCEBF839564}"
EndProject
Project("{FAE04EC0-301F-11D3-BF4B-00C04F79EFBC}") = "DAW.Gtk", "DAW\DAW.Gtk\DAW.Gtk.csproj", "{5C5B6B55-0FE6-43A8-91DC-31CB3D71BF5A}"
EndProject
Project("{FAE04EC0-301F-11D3-BF4B-00C04F79EFBC}") = "DAW.Mac", "DAW\DAW.Mac\DAW.Mac.csproj", "{7AE6C8DE-CD23-4D5A-9EDD-ADB902C7D088}"
EndProject
Project("{FAE04EC0-301F-11D3-BF4B-00C04F79EFBC}") = "DAW.Wpf", "DAW\DAW.Wpf\DAW.Wpf.csproj", "{FBFA1972-560E-476F-A4F8-E6CBC5990E79}"
EndProject
Global
	GlobalSection(SolutionConfigurationPlatforms) = preSolution
		Debug|Any CPU = Debug|Any CPU
		Release|Any CPU = Release|Any CPU
	EndGlobalSection
	GlobalSection(ProjectConfigurationPlatforms) = postSolution
		{9FD8D7A8-B98C-400B-89C2-7395A52F36FF}.Debug|Any CPU.ActiveCfg = Debug|Any CPU
		{9FD8D7A8-B98C-400B-89C2-7395A52F36FF}.Debug|Any CPU.Build.0 = Debug|Any CPU
		{9FD8D7A8-B98C-400B-89C2-7395A52F36FF}.Release|Any CPU.ActiveCfg = Release|Any CPU
		{9FD8D7A8-B98C-400B-89C2-7395A52F36FF}.Release|Any CPU.Build.0 = Release|Any CPU
		{C3864281-D197-4BF0-9094-0260234A9029}.Debug|Any CPU.ActiveCfg = Debug|Any CPU
		{C3864281-D197-4BF0-9094-0260234A9029}.Debug|Any CPU.Build.0 = Debug|Any CPU
		{C3864281-D197-4BF0-9094-0260234A9029}.Release|Any CPU.ActiveCfg = Release|Any CPU
		{C3864281-D197-4BF0-9094-0260234A9029}.Release|Any CPU.Build.0 = Release|Any CPU
		{5C0034D7-CF1F-4E43-95F8-F21F8DDE6DE3}.Debug|Any CPU.ActiveCfg = Debug|Any CPU
		{5C0034D7-CF1F-4E43-95F8-F21F8DDE6DE3}.Debug|Any CPU.Build.0 = Debug|Any CPU
		{5C0034D7-CF1F-4E43-95F8-F21F8DDE6DE3}.Release|Any CPU.ActiveCfg = Release|Any CPU
		{5C0034D7-CF1F-4E43-95F8-F21F8DDE6DE3}.Release|Any CPU.Build.0 = Release|Any CPU
		{968505E7-C1ED-4046-B1A2-4CCEBF839564}.Debug|Any CPU.ActiveCfg = Debug|Any CPU
		{968505E7-C1ED-4046-B1A2-4CCEBF839564}.Debug|Any CPU.Build.0 = Debug|Any CPU
		{968505E7-C1ED-4046-B1A2-4CCEBF839564}.Release|Any CPU.ActiveCfg = Release|Any CPU
		{968505E7-C1ED-4046-B1A2-4CCEBF839564}.Release|Any CPU.Build.0 = Release|Any CPU
		{5C5B6B55-0FE6-43A8-91DC-31CB3D71BF5A}.Debug|Any CPU.ActiveCfg = Debug|Any CPU
		{5C5B6B55-0FE6-43A8-91DC-31CB3D71BF5A}.Debug|Any CPU.Build.0 = Debug|Any CPU
		{5C5B6B55-0FE6-43A8-91DC-31CB3D71BF5A}.Release|Any CPU.ActiveCfg = Release|Any CPU
		{5C5B6B55-0FE6-43A8-91DC-31CB3D71BF5A}.Release|Any CPU.Build.0 = Release|Any CPU
		{7AE6C8DE-CD23-4D5A-9EDD-ADB902C7D088}.Debug|Any CPU.ActiveCfg = Debug|Any CPU
		{7AE6C8DE-CD23-4D5A-9EDD-ADB902C7D088}.Debug|Any CPU.Build.0 = Debug|Any CPU
		{7AE6C8DE-CD23-4D5A-9EDD-ADB902C7D088}.Release|Any CPU.ActiveCfg = Release|Any CPU
		{7AE6C8DE-CD23-4D5A-9EDD-ADB902C7D088}.Release|Any CPU.Build.0 = Release|Any CPU
		{FBFA1972-560E-476F-A4F8-E6CBC5990E79}.Debug|Any CPU.ActiveCfg = Debug|Any CPU
		{FBFA1972-560E-476F-A4F8-E6CBC5990E79}.Debug|Any CPU.Build.0 = Debug|Any CPU
		{FBFA1972-560E-476F-A4F8-E6CBC5990E79}.Release|Any CPU.ActiveCfg = Release|Any CPU
		{FBFA1972-560E-476F-A4F8-E6CBC5990E79}.Release|Any CPU.Build.0 = Release|Any CPU
	EndGlobalSection
EndGlobal
